
Microsoft Visual Studio Solution File, Format Version 12.00
# Visual Studio Version 16
VisualStudioVersion = 16.0.30114.105
MinimumVisualStudioVersion = 10.0.40219.1
Project("{FAE04EC0-301F-11D3-BF4B-00C04F79EFBC}") = "API", "API\API.csproj", "{41253C03-CE69-43E1-B90C-57FB3DE50509}"
EndProject
Project("{FAE04EC0-301F-11D3-BF4B-00C04F79EFBC}") = "Core", "Core\Core.csproj", "{900BF5DA-1D66-474C-992D-7651F4DD1189}"
EndProject
Project("{FAE04EC0-301F-11D3-BF4B-00C04F79EFBC}") = "Infrastructure", "Infrastructure\Infrastructure.csproj", "{4B13781D-2AEE-4E8A-A182-33D3B7938F06}"
EndProject
Global
	GlobalSection(SolutionConfigurationPlatforms) = preSolution
		Debug|Any CPU = Debug|Any CPU
		Release|Any CPU = Release|Any CPU
	EndGlobalSection
	GlobalSection(SolutionProperties) = preSolution
		HideSolutionNode = FALSE
	EndGlobalSection
	GlobalSection(ProjectConfigurationPlatforms) = postSolution
		{41253C03-CE69-43E1-B90C-57FB3DE50509}.Debug|Any CPU.ActiveCfg = Debug|Any CPU
		{41253C03-CE69-43E1-B90C-57FB3DE50509}.Debug|Any CPU.Build.0 = Debug|Any CPU
		{41253C03-CE69-43E1-B90C-57FB3DE50509}.Release|Any CPU.ActiveCfg = Release|Any CPU
		{41253C03-CE69-43E1-B90C-57FB3DE50509}.Release|Any CPU.Build.0 = Release|Any CPU
		{900BF5DA-1D66-474C-992D-7651F4DD1189}.Debug|Any CPU.ActiveCfg = Debug|Any CPU
		{900BF5DA-1D66-474C-992D-7651F4DD1189}.Debug|Any CPU.Build.0 = Debug|Any CPU
		{900BF5DA-1D66-474C-992D-7651F4DD1189}.Release|Any CPU.ActiveCfg = Release|Any CPU
		{900BF5DA-1D66-474C-992D-7651F4DD1189}.Release|Any CPU.Build.0 = Release|Any CPU
		{4B13781D-2AEE-4E8A-A182-33D3B7938F06}.Debug|Any CPU.ActiveCfg = Debug|Any CPU
		{4B13781D-2AEE-4E8A-A182-33D3B7938F06}.Debug|Any CPU.Build.0 = Debug|Any CPU
		{4B13781D-2AEE-4E8A-A182-33D3B7938F06}.Release|Any CPU.ActiveCfg = Release|Any CPU
		{4B13781D-2AEE-4E8A-A182-33D3B7938F06}.Release|Any CPU.Build.0 = Release|Any CPU
	EndGlobalSection
EndGlobal
